
Microsoft Visual Studio Solution File, Format Version 12.00
# Visual Studio 2015
Project("{FAE04EC0-301F-11D3-BF4B-00C04F79EFBC}") = "Maze Generator.CSharp.Plugins", "Maze Generator.CSharp.Plugins.csproj", "{6715FF97-F5D2-A053-10A7-CA957662D273}"
EndProject
Project("{FAE04EC0-301F-11D3-BF4B-00C04F79EFBC}") = "Maze Generator.CSharp", "Maze Generator.CSharp.csproj", "{338AB38E-AC7C-A8CB-6A55-5ED9E679DAE7}"
EndProject
Global
	GlobalSection(SolutionConfigurationPlatforms) = preSolution
		Debug|Any CPU = Debug|Any CPU
		Release|Any CPU = Release|Any CPU
	EndGlobalSection
	GlobalSection(ProjectConfigurationPlatforms) = postSolution
		{6715FF97-F5D2-A053-10A7-CA957662D273}.Debug|Any CPU.ActiveCfg = Debug|Any CPU
		{6715FF97-F5D2-A053-10A7-CA957662D273}.Debug|Any CPU.Build.0 = Debug|Any CPU
		{6715FF97-F5D2-A053-10A7-CA957662D273}.Release|Any CPU.ActiveCfg = Release|Any CPU
		{6715FF97-F5D2-A053-10A7-CA957662D273}.Release|Any CPU.Build.0 = Release|Any CPU
		{338AB38E-AC7C-A8CB-6A55-5ED9E679DAE7}.Debug|Any CPU.ActiveCfg = Debug|Any CPU
		{338AB38E-AC7C-A8CB-6A55-5ED9E679DAE7}.Debug|Any CPU.Build.0 = Debug|Any CPU
		{338AB38E-AC7C-A8CB-6A55-5ED9E679DAE7}.Release|Any CPU.ActiveCfg = Release|Any CPU
		{338AB38E-AC7C-A8CB-6A55-5ED9E679DAE7}.Release|Any CPU.Build.0 = Release|Any CPU
	EndGlobalSection
	GlobalSection(SolutionProperties) = preSolution
		HideSolutionNode = FALSE
	EndGlobalSection
EndGlobal
